
Microsoft Visual Studio Solution File, Format Version 12.00
# Visual Studio Version 16
VisualStudioVersion = 16.0.31105.61
MinimumVisualStudioVersion = 10.0.40219.1
Project("{9A19103F-16F7-4668-BE54-9A1E7A4F7556}") = "Teledoc", "Teledoc\Teledoc.csproj", "{91AE5DFC-651B-465F-8B66-6EA311146A8C}"
EndProject
Global
	GlobalSection(SolutionConfigurationPlatforms) = preSolution
		Debug|Any CPU = Debug|Any CPU
		Release|Any CPU = Release|Any CPU
	EndGlobalSection
	GlobalSection(ProjectConfigurationPlatforms) = postSolution
		{91AE5DFC-651B-465F-8B66-6EA311146A8C}.Debug|Any CPU.ActiveCfg = Debug|Any CPU
		{91AE5DFC-651B-465F-8B66-6EA311146A8C}.Debug|Any CPU.Build.0 = Debug|Any CPU
		{91AE5DFC-651B-465F-8B66-6EA311146A8C}.Release|Any CPU.ActiveCfg = Release|Any CPU
		{91AE5DFC-651B-465F-8B66-6EA311146A8C}.Release|Any CPU.Build.0 = Release|Any CPU
	EndGlobalSection
	GlobalSection(SolutionProperties) = preSolution
		HideSolutionNode = FALSE
	EndGlobalSection
	GlobalSection(ExtensibilityGlobals) = postSolution
		SolutionGuid = {767A6B2A-E8BD-47FB-91A7-BE6D6799777A}
	EndGlobalSection
EndGlobal
